{
  "name": "@mukundakatta/agentkit",
  "version": "0.1.0",
  "lockfileVersion": 3,
  "requires": true,
  "packages": {
    "": {
      "name": "@mukundakatta/agentkit",
      "version": "0.1.0",
      "license": "MIT",
      "dependencies": {
        "@mukundakatta/agentcast": "^0.1.0",
        "@mukundakatta/agentfit": "^0.1.0",
        "@mukundakatta/agentguard": "^0.1.0",
        "@mukundakatta/agentsnap": "^0.1.0",
        "@mukundakatta/agentvet": "^0.1.0"
      },
      "engines": {
        "node": ">=18"
      }
    },
    "node_modules/@mukundakatta/agentcast": {
      "version": "0.1.0",
      "resolved": "https://registry.npmjs.org/@mukundakatta/agentcast/-/agentcast-0.1.0.tgz",
      "integrity": "sha512-yseGVftU/u03pA8C5QLvqosguoJMNi9ZX1p2HSF3F5u4xpNgR1A+JJOPJoOy0ujQ0Ui0b3YvilV4uEDKLddVgA==",
      "license": "MIT",
      "engines": {
        "node": ">=20"
      }
    },
    "node_modules/@mukundakatta/agentfit": {
      "version": "0.1.0",
      "resolved": "https://registry.npmjs.org/@mukundakatta/agentfit/-/agentfit-0.1.0.tgz",
      "integrity": "sha512-QcBYO+O73a9ZF0mFkAzpbdY63CruV8XEVuBZu540pvyrbkgQI6j2bHnSbQCb9FUdKZuRIaC6OEl9+Ylk50Ve0A==",
      "license": "MIT",
      "engines": {
        "node": ">=20"
      }
    },
    "node_modules/@mukundakatta/agentguard": {
      "version": "0.1.0",
      "resolved": "https://registry.npmjs.org/@mukundakatta/agentguard/-/agentguard-0.1.0.tgz",
      "integrity": "sha512-euLUbVQhUEkyris5+AQ9tFzxnMqdWeVCq4yD8vEoFi2hvNcoFtCPxMFWi5/LAXt0BLG6YH9KcE/asb1s7VzNgA==",
      "license": "MIT",
      "engines": {
        "node": ">=20"
      }
    },
    "node_modules/@mukundakatta/agentsnap": {
      "version": "0.1.0",
      "resolved": "https://registry.npmjs.org/@mukundakatta/agentsnap/-/agentsnap-0.1.0.tgz",
      "integrity": "sha512-6jfaLzrJJHmT5LKuKYPZN8ruNTCBcfbl6HNQQYTTx33/vlqZcP4tiSEJb4X1WsZPB+5qvPiRNRRs9ltPXfnT+w==",
      "license": "MIT",
      "engines": {
        "node": ">=20"
      }
    },
    "node_modules/@mukundakatta/agentvet": {
      "version": "0.1.0",
      "resolved": "https://registry.npmjs.org/@mukundakatta/agentvet/-/agentvet-0.1.0.tgz",
      "integrity": "sha512-uqiP2QfSpfeO4FdP4qFayjwkA85YXwOBBWQ3BRZp5QgBtD3LWpXsl9nHVw5F2cMubcG+ZwyGrAOP0dAAAEsRGw==",
      "license": "MIT",
      "engines": {
        "node": ">=20"
      }
    }
  }
}
